
Microsoft Visual Studio Solution File, Format Version 12.00
# Visual Studio 15
VisualStudioVersion = 15.0.27703.2047
MinimumVisualStudioVersion = 10.0.40219.1
Project("{FAE04EC0-301F-11D3-BF4B-00C04F79EFBC}") = "11-MostrarDe200a350", "12-MostrarDe200a350\11-MostrarDe200a350.csproj", "{D0127930-192F-4447-AE5B-5BF655CF8538}"
EndProject
Global
	GlobalSection(SolutionConfigurationPlatforms) = preSolution
		Debug|Any CPU = Debug|Any CPU
		Release|Any CPU = Release|Any CPU
	EndGlobalSection
	GlobalSection(ProjectConfigurationPlatforms) = postSolution
		{D0127930-192F-4447-AE5B-5BF655CF8538}.Debug|Any CPU.ActiveCfg = Debug|Any CPU
		{D0127930-192F-4447-AE5B-5BF655CF8538}.Debug|Any CPU.Build.0 = Debug|Any CPU
		{D0127930-192F-4447-AE5B-5BF655CF8538}.Release|Any CPU.ActiveCfg = Release|Any CPU
		{D0127930-192F-4447-AE5B-5BF655CF8538}.Release|Any CPU.Build.0 = Release|Any CPU
	EndGlobalSection
	GlobalSection(SolutionProperties) = preSolution
		HideSolutionNode = FALSE
	EndGlobalSection
	GlobalSection(ExtensibilityGlobals) = postSolution
		SolutionGuid = {4AC7FAF1-9FCE-48E3-838F-63DB7703C4E1}
	EndGlobalSection
EndGlobal
